
Microsoft Visual Studio Solution File, Format Version 12.00
# Visual Studio Version 17
VisualStudioVersion = 17.5.33414.496
MinimumVisualStudioVersion = 10.0.40219.1
Project("{FAE04EC0-301F-11D3-BF4B-00C04F79EFBC}") = "Homework_Session2_2", "Homework_Session2_2\Homework_Session2_2.csproj", "{A79D5A3B-0657-4611-876D-04DF669EFE45}"
EndProject
Global
	GlobalSection(SolutionConfigurationPlatforms) = preSolution
		Debug|Any CPU = Debug|Any CPU
		Release|Any CPU = Release|Any CPU
	EndGlobalSection
	GlobalSection(ProjectConfigurationPlatforms) = postSolution
		{A79D5A3B-0657-4611-876D-04DF669EFE45}.Debug|Any CPU.ActiveCfg = Debug|Any CPU
		{A79D5A3B-0657-4611-876D-04DF669EFE45}.Debug|Any CPU.Build.0 = Debug|Any CPU
		{A79D5A3B-0657-4611-876D-04DF669EFE45}.Release|Any CPU.ActiveCfg = Release|Any CPU
		{A79D5A3B-0657-4611-876D-04DF669EFE45}.Release|Any CPU.Build.0 = Release|Any CPU
	EndGlobalSection
	GlobalSection(SolutionProperties) = preSolution
		HideSolutionNode = FALSE
	EndGlobalSection
	GlobalSection(ExtensibilityGlobals) = postSolution
		SolutionGuid = {BC204A4B-E6CC-4737-946C-6F64D7BA18C3}
	EndGlobalSection
EndGlobal
